
Microsoft Visual Studio Solution File, Format Version 12.00
# Visual Studio Version 17
VisualStudioVersion = 17.3.32929.385
MinimumVisualStudioVersion = 10.0.40219.1
Project("{9A19103F-16F7-4668-BE54-9A1E7A4F7556}") = "OpenZiti.NET", "OpenZiti.NET\OpenZiti.NET.csproj", "{64BEABCF-FEE4-4901-B74D-87D60AAC4EB8}"
EndProject
Project("{2150E333-8FDC-42A3-9474-1A3956D46DE8}") = "Solution Items", "Solution Items", "{16F52D05-10CE-47CC-9B52-1F77CAADD252}"
	ProjectSection(SolutionItems) = preProject
		.editorconfig = .editorconfig
		build-native.bat = build-native.bat
		BUILDING.md = BUILDING.md
		ZitiNativeApiForDotnetCore\compile-all.bat = ZitiNativeApiForDotnetCore\compile-all.bat
		create-nuget-package.bat = create-nuget-package.bat
		ZitiNativeApiForDotnetCore\defgen.bat = ZitiNativeApiForDotnetCore\defgen.bat
		ZitiNativeApiForDotnetCore\msvc-build.bat = ZitiNativeApiForDotnetCore\msvc-build.bat
		native-package.nuspec = native-package.nuspec
		README.md = README.md
	EndProjectSection
EndProject
Project("{2150E333-8FDC-42A3-9474-1A3956D46DE8}") = ".github", ".github", "{FB27A74E-C1A6-4392-857B-3290DA4EFBF8}"
EndProject
Project("{2150E333-8FDC-42A3-9474-1A3956D46DE8}") = "workflows", "workflows", "{3EC7F622-B330-483C-83D5-4CA5C2FE30CB}"
	ProjectSection(SolutionItems) = preProject
		.github\workflows\dotnet-sdk-publish.yml = .github\workflows\dotnet-sdk-publish.yml
		.github\workflows\mattermost-ziti-webhook.yml = .github\workflows\mattermost-ziti-webhook.yml
		.github\workflows\native-nuget-publish.yml = .github\workflows\native-nuget-publish.yml
	EndProjectSection
EndProject
Project("{9A19103F-16F7-4668-BE54-9A1E7A4F7556}") = "TestProject", "TestProject\TestProject.csproj", "{C8E8F477-D948-478C-8FED-5EF33365CAD4}"
EndProject
Project("{FAE04EC0-301F-11D3-BF4B-00C04F79EFBC}") = "AndroidBindingLib", "AndroidBindingLib\AndroidBindingLib.csproj", "{FA37495C-7070-4558-97A9-864C8DB329E8}"
EndProject
Global
	GlobalSection(SolutionConfigurationPlatforms) = preSolution
		Debug|Any CPU = Debug|Any CPU
		Debug|ARM64 = Debug|ARM64
		Debug|x64 = Debug|x64
		Debug|x86 = Debug|x86
		Release|Any CPU = Release|Any CPU
		Release|ARM64 = Release|ARM64
		Release|x64 = Release|x64
		Release|x86 = Release|x86
	EndGlobalSection
	GlobalSection(ProjectConfigurationPlatforms) = postSolution
		{64BEABCF-FEE4-4901-B74D-87D60AAC4EB8}.Debug|Any CPU.ActiveCfg = Debug|Any CPU
		{64BEABCF-FEE4-4901-B74D-87D60AAC4EB8}.Debug|Any CPU.Build.0 = Debug|Any CPU
		{64BEABCF-FEE4-4901-B74D-87D60AAC4EB8}.Debug|ARM64.ActiveCfg = Debug|ARM64
		{64BEABCF-FEE4-4901-B74D-87D60AAC4EB8}.Debug|ARM64.Build.0 = Debug|ARM64
		{64BEABCF-FEE4-4901-B74D-87D60AAC4EB8}.Debug|x64.ActiveCfg = Debug|x64
		{64BEABCF-FEE4-4901-B74D-87D60AAC4EB8}.Debug|x64.Build.0 = Debug|x64
		{64BEABCF-FEE4-4901-B74D-87D60AAC4EB8}.Debug|x86.ActiveCfg = Debug|x86
		{64BEABCF-FEE4-4901-B74D-87D60AAC4EB8}.Debug|x86.Build.0 = Debug|x86
		{64BEABCF-FEE4-4901-B74D-87D60AAC4EB8}.Release|Any CPU.ActiveCfg = Release|Any CPU
		{64BEABCF-FEE4-4901-B74D-87D60AAC4EB8}.Release|Any CPU.Build.0 = Release|Any CPU
		{64BEABCF-FEE4-4901-B74D-87D60AAC4EB8}.Release|ARM64.ActiveCfg = Release|ARM64
		{64BEABCF-FEE4-4901-B74D-87D60AAC4EB8}.Release|ARM64.Build.0 = Release|ARM64
		{64BEABCF-FEE4-4901-B74D-87D60AAC4EB8}.Release|x64.ActiveCfg = Release|x64
		{64BEABCF-FEE4-4901-B74D-87D60AAC4EB8}.Release|x64.Build.0 = Release|x64
		{64BEABCF-FEE4-4901-B74D-87D60AAC4EB8}.Release|x86.ActiveCfg = Release|x86
		{64BEABCF-FEE4-4901-B74D-87D60AAC4EB8}.Release|x86.Build.0 = Release|x86
		{C8E8F477-D948-478C-8FED-5EF33365CAD4}.Debug|Any CPU.ActiveCfg = Debug|Any CPU
		{C8E8F477-D948-478C-8FED-5EF33365CAD4}.Debug|Any CPU.Build.0 = Debug|Any CPU
		{C8E8F477-D948-478C-8FED-5EF33365CAD4}.Debug|ARM64.ActiveCfg = Debug|ARM64
		{C8E8F477-D948-478C-8FED-5EF33365CAD4}.Debug|ARM64.Build.0 = Debug|ARM64
		{C8E8F477-D948-478C-8FED-5EF33365CAD4}.Debug|x64.ActiveCfg = Debug|x64
		{C8E8F477-D948-478C-8FED-5EF33365CAD4}.Debug|x64.Build.0 = Debug|x64
		{C8E8F477-D948-478C-8FED-5EF33365CAD4}.Debug|x86.ActiveCfg = Debug|x86
		{C8E8F477-D948-478C-8FED-5EF33365CAD4}.Debug|x86.Build.0 = Debug|x86
		{C8E8F477-D948-478C-8FED-5EF33365CAD4}.Release|Any CPU.ActiveCfg = Release|Any CPU
		{C8E8F477-D948-478C-8FED-5EF33365CAD4}.Release|Any CPU.Build.0 = Release|Any CPU
		{C8E8F477-D948-478C-8FED-5EF33365CAD4}.Release|ARM64.ActiveCfg = Release|ARM64
		{C8E8F477-D948-478C-8FED-5EF33365CAD4}.Release|ARM64.Build.0 = Release|ARM64
		{C8E8F477-D948-478C-8FED-5EF33365CAD4}.Release|x64.ActiveCfg = Release|x64
		{C8E8F477-D948-478C-8FED-5EF33365CAD4}.Release|x64.Build.0 = Release|x64
		{C8E8F477-D948-478C-8FED-5EF33365CAD4}.Release|x86.ActiveCfg = Release|x86
		{C8E8F477-D948-478C-8FED-5EF33365CAD4}.Release|x86.Build.0 = Release|x86
		{FA37495C-7070-4558-97A9-864C8DB329E8}.Debug|Any CPU.ActiveCfg = Debug|Any CPU
		{FA37495C-7070-4558-97A9-864C8DB329E8}.Debug|Any CPU.Build.0 = Debug|Any CPU
		{FA37495C-7070-4558-97A9-864C8DB329E8}.Debug|ARM64.ActiveCfg = Debug|Any CPU
		{FA37495C-7070-4558-97A9-864C8DB329E8}.Debug|x64.ActiveCfg = Debug|Any CPU
		{FA37495C-7070-4558-97A9-864C8DB329E8}.Debug|x64.Build.0 = Debug|Any CPU
		{FA37495C-7070-4558-97A9-864C8DB329E8}.Debug|x86.ActiveCfg = Debug|Any CPU
		{FA37495C-7070-4558-97A9-864C8DB329E8}.Debug|x86.Build.0 = Debug|Any CPU
		{FA37495C-7070-4558-97A9-864C8DB329E8}.Release|Any CPU.ActiveCfg = Release|Any CPU
		{FA37495C-7070-4558-97A9-864C8DB329E8}.Release|Any CPU.Build.0 = Release|Any CPU
		{FA37495C-7070-4558-97A9-864C8DB329E8}.Release|ARM64.ActiveCfg = Release|Any CPU
		{FA37495C-7070-4558-97A9-864C8DB329E8}.Release|x64.ActiveCfg = Release|Any CPU
		{FA37495C-7070-4558-97A9-864C8DB329E8}.Release|x64.Build.0 = Release|Any CPU
		{FA37495C-7070-4558-97A9-864C8DB329E8}.Release|x86.ActiveCfg = Release|Any CPU
		{FA37495C-7070-4558-97A9-864C8DB329E8}.Release|x86.Build.0 = Release|Any CPU
	EndGlobalSection
	GlobalSection(SolutionProperties) = preSolution
		HideSolutionNode = FALSE
	EndGlobalSection
	GlobalSection(NestedProjects) = preSolution
		{FB27A74E-C1A6-4392-857B-3290DA4EFBF8} = {16F52D05-10CE-47CC-9B52-1F77CAADD252}
		{3EC7F622-B330-483C-83D5-4CA5C2FE30CB} = {FB27A74E-C1A6-4392-857B-3290DA4EFBF8}
	EndGlobalSection
	GlobalSection(ExtensibilityGlobals) = postSolution
		SolutionGuid = {DEDFFD92-5CF0-4C96-8866-958E1AEBA0CB}
	EndGlobalSection
EndGlobal
