
Microsoft Visual Studio Solution File, Format Version 12.00
# Visual Studio Version 16
VisualStudioVersion = 16.0.29306.81
MinimumVisualStudioVersion = 10.0.40219.1
Project("{FAE04EC0-301F-11D3-BF4B-00C04F79EFBC}") = "Library", "Library\Library.csproj", "{A329E26F-A561-46D5-8436-226ADBF44112}"
EndProject
Project("{FAE04EC0-301F-11D3-BF4B-00C04F79EFBC}") = "Examples", "Examples\Examples.csproj", "{794518A5-CB3C-4308-A8BA-A8C7E88BE7DA}"
EndProject
Global
	GlobalSection(SolutionConfigurationPlatforms) = preSolution
		Debug|Any CPU = Debug|Any CPU
		Release|Any CPU = Release|Any CPU
	EndGlobalSection
	GlobalSection(ProjectConfigurationPlatforms) = postSolution
		{A329E26F-A561-46D5-8436-226ADBF44112}.Debug|Any CPU.ActiveCfg = Debug|Any CPU
		{A329E26F-A561-46D5-8436-226ADBF44112}.Debug|Any CPU.Build.0 = Debug|Any CPU
		{A329E26F-A561-46D5-8436-226ADBF44112}.Release|Any CPU.ActiveCfg = Release|Any CPU
		{A329E26F-A561-46D5-8436-226ADBF44112}.Release|Any CPU.Build.0 = Release|Any CPU
		{794518A5-CB3C-4308-A8BA-A8C7E88BE7DA}.Debug|Any CPU.ActiveCfg = Debug|Any CPU
		{794518A5-CB3C-4308-A8BA-A8C7E88BE7DA}.Debug|Any CPU.Build.0 = Debug|Any CPU
		{794518A5-CB3C-4308-A8BA-A8C7E88BE7DA}.Release|Any CPU.ActiveCfg = Release|Any CPU
		{794518A5-CB3C-4308-A8BA-A8C7E88BE7DA}.Release|Any CPU.Build.0 = Release|Any CPU
	EndGlobalSection
	GlobalSection(SolutionProperties) = preSolution
		HideSolutionNode = FALSE
	EndGlobalSection
	GlobalSection(ExtensibilityGlobals) = postSolution
		SolutionGuid = {13A16E1F-E51B-4CC0-869D-D1E0240E6010}
	EndGlobalSection
EndGlobal
