
Microsoft Visual Studio Solution File, Format Version 12.00
# Visual Studio Version 17
VisualStudioVersion = 17.9.34728.123
MinimumVisualStudioVersion = 10.0.40219.1
Project("{9A19103F-16F7-4668-BE54-9A1E7A4F7556}") = "ZitiRestServerCSharp", "ZitiRestServerCSharp.csproj", "{BF2A5560-1B4C-4C2B-837C-A7810D954D84}"
EndProject
Global
	GlobalSection(SolutionConfigurationPlatforms) = preSolution
		Debug|Any CPU = Debug|Any CPU
		Release|Any CPU = Release|Any CPU
	EndGlobalSection
	GlobalSection(ProjectConfigurationPlatforms) = postSolution
		{BF2A5560-1B4C-4C2B-837C-A7810D954D84}.Debug|Any CPU.ActiveCfg = Debug|Any CPU
		{BF2A5560-1B4C-4C2B-837C-A7810D954D84}.Debug|Any CPU.Build.0 = Debug|Any CPU
		{BF2A5560-1B4C-4C2B-837C-A7810D954D84}.Release|Any CPU.ActiveCfg = Release|Any CPU
		{BF2A5560-1B4C-4C2B-837C-A7810D954D84}.Release|Any CPU.Build.0 = Release|Any CPU
	EndGlobalSection
	GlobalSection(SolutionProperties) = preSolution
		HideSolutionNode = FALSE
	EndGlobalSection
	GlobalSection(ExtensibilityGlobals) = postSolution
		SolutionGuid = {2E5C150F-4A3D-443D-ACB0-B3054BB1B28D}
	EndGlobalSection
EndGlobal
