
Microsoft Visual Studio Solution File, Format Version 12.00
# Visual Studio Version 18
VisualStudioVersion = 18.1.11312.151 d18.0
MinimumVisualStudioVersion = 10.0.40219.1
Project("{2150E333-8FDC-42A3-9474-1A3956D46DE8}") = "src", "src", "{827E0CD3-B72D-47B6-A68D-7590B98EB39B}"
EndProject
Project("{FAE04EC0-301F-11D3-BF4B-00C04F79EFBC}") = "OpenZiti.NET.Native", "src\OpenZiti.NET.Native\OpenZiti.NET.Native.csproj", "{9F671BA2-B021-47F9-BC44-E20F2F6DEACD}"
EndProject
Project("{FAE04EC0-301F-11D3-BF4B-00C04F79EFBC}") = "Smoke", "SmokeTest\Smoke.csproj", "{A3273083-1B17-7029-685A-7699FD09E0F3}"
EndProject
Project("{2150E333-8FDC-42A3-9474-1A3956D46DE8}") = "Solution Items", "Solution Items", "{475E9BA9-E364-4E6F-BC7F-B5EA5B471318}"
	ProjectSection(SolutionItems) = preProject
		version.props = version.props
	EndProjectSection
EndProject
Global
	GlobalSection(SolutionConfigurationPlatforms) = preSolution
		Debug|Any CPU = Debug|Any CPU
		Debug|x64 = Debug|x64
		Debug|x86 = Debug|x86
		Release|Any CPU = Release|Any CPU
		Release|x64 = Release|x64
		Release|x86 = Release|x86
	EndGlobalSection
	GlobalSection(ProjectConfigurationPlatforms) = postSolution
		{9F671BA2-B021-47F9-BC44-E20F2F6DEACD}.Debug|Any CPU.ActiveCfg = Debug|Any CPU
		{9F671BA2-B021-47F9-BC44-E20F2F6DEACD}.Debug|Any CPU.Build.0 = Debug|Any CPU
		{9F671BA2-B021-47F9-BC44-E20F2F6DEACD}.Debug|x64.ActiveCfg = Debug|Any CPU
		{9F671BA2-B021-47F9-BC44-E20F2F6DEACD}.Debug|x64.Build.0 = Debug|Any CPU
		{9F671BA2-B021-47F9-BC44-E20F2F6DEACD}.Debug|x86.ActiveCfg = Debug|Any CPU
		{9F671BA2-B021-47F9-BC44-E20F2F6DEACD}.Debug|x86.Build.0 = Debug|Any CPU
		{9F671BA2-B021-47F9-BC44-E20F2F6DEACD}.Release|Any CPU.ActiveCfg = Release|Any CPU
		{9F671BA2-B021-47F9-BC44-E20F2F6DEACD}.Release|Any CPU.Build.0 = Release|Any CPU
		{9F671BA2-B021-47F9-BC44-E20F2F6DEACD}.Release|x64.ActiveCfg = Release|Any CPU
		{9F671BA2-B021-47F9-BC44-E20F2F6DEACD}.Release|x64.Build.0 = Release|Any CPU
		{9F671BA2-B021-47F9-BC44-E20F2F6DEACD}.Release|x86.ActiveCfg = Release|Any CPU
		{9F671BA2-B021-47F9-BC44-E20F2F6DEACD}.Release|x86.Build.0 = Release|Any CPU
		{A3273083-1B17-7029-685A-7699FD09E0F3}.Debug|Any CPU.ActiveCfg = Debug|Any CPU
		{A3273083-1B17-7029-685A-7699FD09E0F3}.Debug|Any CPU.Build.0 = Debug|Any CPU
		{A3273083-1B17-7029-685A-7699FD09E0F3}.Debug|x64.ActiveCfg = Debug|Any CPU
		{A3273083-1B17-7029-685A-7699FD09E0F3}.Debug|x64.Build.0 = Debug|Any CPU
		{A3273083-1B17-7029-685A-7699FD09E0F3}.Debug|x86.ActiveCfg = Debug|Any CPU
		{A3273083-1B17-7029-685A-7699FD09E0F3}.Debug|x86.Build.0 = Debug|Any CPU
		{A3273083-1B17-7029-685A-7699FD09E0F3}.Release|Any CPU.ActiveCfg = Release|Any CPU
		{A3273083-1B17-7029-685A-7699FD09E0F3}.Release|Any CPU.Build.0 = Release|Any CPU
		{A3273083-1B17-7029-685A-7699FD09E0F3}.Release|x64.ActiveCfg = Release|Any CPU
		{A3273083-1B17-7029-685A-7699FD09E0F3}.Release|x64.Build.0 = Release|Any CPU
		{A3273083-1B17-7029-685A-7699FD09E0F3}.Release|x86.ActiveCfg = Release|Any CPU
		{A3273083-1B17-7029-685A-7699FD09E0F3}.Release|x86.Build.0 = Release|Any CPU
	EndGlobalSection
	GlobalSection(SolutionProperties) = preSolution
		HideSolutionNode = FALSE
	EndGlobalSection
	GlobalSection(NestedProjects) = preSolution
		{9F671BA2-B021-47F9-BC44-E20F2F6DEACD} = {827E0CD3-B72D-47B6-A68D-7590B98EB39B}
		{A3273083-1B17-7029-685A-7699FD09E0F3} = {827E0CD3-B72D-47B6-A68D-7590B98EB39B}
	EndGlobalSection
	GlobalSection(ExtensibilityGlobals) = postSolution
		SolutionGuid = {D7DBAA13-A93A-469A-830E-C3BEEDBDB307}
	EndGlobalSection
EndGlobal
